
Microsoft Visual Studio Solution File, Format Version 12.00
# Visual Studio 15
VisualStudioVersion = 15.0.28307.1259
MinimumVisualStudioVersion = 10.0.40219.1
Project("{00D1A9C2-B5F0-4AF3-8072-F6C62B433612}") = "FinalGitCrimeDB", "FinalGitCrimeDB\FinalGitCrimeDB.sqlproj", "{0C42368B-02AB-4477-BF27-8308219DF796}"
EndProject
Global
	GlobalSection(SolutionConfigurationPlatforms) = preSolution
		Debug|Any CPU = Debug|Any CPU
		Release|Any CPU = Release|Any CPU
	EndGlobalSection
	GlobalSection(ProjectConfigurationPlatforms) = postSolution
		{0C42368B-02AB-4477-BF27-8308219DF796}.Debug|Any CPU.ActiveCfg = Debug|Any CPU
		{0C42368B-02AB-4477-BF27-8308219DF796}.Debug|Any CPU.Build.0 = Debug|Any CPU
		{0C42368B-02AB-4477-BF27-8308219DF796}.Debug|Any CPU.Deploy.0 = Debug|Any CPU
		{0C42368B-02AB-4477-BF27-8308219DF796}.Release|Any CPU.ActiveCfg = Release|Any CPU
		{0C42368B-02AB-4477-BF27-8308219DF796}.Release|Any CPU.Build.0 = Release|Any CPU
		{0C42368B-02AB-4477-BF27-8308219DF796}.Release|Any CPU.Deploy.0 = Release|Any CPU
	EndGlobalSection
	GlobalSection(SolutionProperties) = preSolution
		HideSolutionNode = FALSE
	EndGlobalSection
	GlobalSection(ExtensibilityGlobals) = postSolution
		SolutionGuid = {A2FDA764-B3B0-426E-B635-93ECBA39AD58}
	EndGlobalSection
EndGlobal
